
Microsoft Visual Studio Solution File, Format Version 12.00
# Visual Studio Version 16
VisualStudioVersion = 16.0.29020.237
MinimumVisualStudioVersion = 10.0.40219.1
Project("{9A19103F-16F7-4668-BE54-9A1E7A4F7556}") = "RoadState.Backend", "RoadState.Backend\RoadState.Backend.csproj", "{43D87F19-1CBA-4B67-9BC4-75D810ACAACB}"
EndProject
Project("{9A19103F-16F7-4668-BE54-9A1E7A4F7556}") = "RoadState.Test", "RoadState.Test\RoadState.Test.csproj", "{24828B3F-0068-4334-959F-02F2331B73CB}"
EndProject
Project("{FAE04EC0-301F-11D3-BF4B-00C04F79EFBC}") = "RoadState.DataAccessLayer", "RoadState.DataAccessLayer\RoadState.DataAccessLayer.csproj", "{E451F3C9-CE7D-45CE-8BEC-2744A16AFD3A}"
EndProject
Project("{FAE04EC0-301F-11D3-BF4B-00C04F79EFBC}") = "RoadState.BusinessLayer", "RoadState.BusinessLayer\RoadState.BusinessLayer.csproj", "{C55337B1-90B7-43FA-B991-7FC5500F8E1A}"
EndProject
Global
	GlobalSection(SolutionConfigurationPlatforms) = preSolution
		Debug|Any CPU = Debug|Any CPU
		Release|Any CPU = Release|Any CPU
	EndGlobalSection
	GlobalSection(ProjectConfigurationPlatforms) = postSolution
		{43D87F19-1CBA-4B67-9BC4-75D810ACAACB}.Debug|Any CPU.ActiveCfg = Debug|Any CPU
		{43D87F19-1CBA-4B67-9BC4-75D810ACAACB}.Debug|Any CPU.Build.0 = Debug|Any CPU
		{43D87F19-1CBA-4B67-9BC4-75D810ACAACB}.Release|Any CPU.ActiveCfg = Release|Any CPU
		{43D87F19-1CBA-4B67-9BC4-75D810ACAACB}.Release|Any CPU.Build.0 = Release|Any CPU
		{24828B3F-0068-4334-959F-02F2331B73CB}.Debug|Any CPU.ActiveCfg = Debug|Any CPU
		{24828B3F-0068-4334-959F-02F2331B73CB}.Debug|Any CPU.Build.0 = Debug|Any CPU
		{24828B3F-0068-4334-959F-02F2331B73CB}.Release|Any CPU.ActiveCfg = Release|Any CPU
		{24828B3F-0068-4334-959F-02F2331B73CB}.Release|Any CPU.Build.0 = Release|Any CPU
		{E451F3C9-CE7D-45CE-8BEC-2744A16AFD3A}.Debug|Any CPU.ActiveCfg = Debug|Any CPU
		{E451F3C9-CE7D-45CE-8BEC-2744A16AFD3A}.Debug|Any CPU.Build.0 = Debug|Any CPU
		{E451F3C9-CE7D-45CE-8BEC-2744A16AFD3A}.Release|Any CPU.ActiveCfg = Release|Any CPU
		{E451F3C9-CE7D-45CE-8BEC-2744A16AFD3A}.Release|Any CPU.Build.0 = Release|Any CPU
		{C55337B1-90B7-43FA-B991-7FC5500F8E1A}.Debug|Any CPU.ActiveCfg = Debug|Any CPU
		{C55337B1-90B7-43FA-B991-7FC5500F8E1A}.Debug|Any CPU.Build.0 = Debug|Any CPU
		{C55337B1-90B7-43FA-B991-7FC5500F8E1A}.Release|Any CPU.ActiveCfg = Release|Any CPU
		{C55337B1-90B7-43FA-B991-7FC5500F8E1A}.Release|Any CPU.Build.0 = Release|Any CPU
	EndGlobalSection
	GlobalSection(SolutionProperties) = preSolution
		HideSolutionNode = FALSE
	EndGlobalSection
	GlobalSection(ExtensibilityGlobals) = postSolution
		SolutionGuid = {C3C1430A-D410-45D8-854A-D44E623EE4FF}
	EndGlobalSection
EndGlobal
